# @generated - this file is auto-generated by `mise lock` https://mise.jdx.dev/dev-tools/mise-lock.html

lockfile_version = 2

[[tools.actionlint]]
version = "1.7.12"
backend = "aqua:rhysd/actionlint"
specifiers = ["1.7.12"]

[tools.actionlint."platforms.linux-x64"]
checksum = "sha256:8aca8db96f1b94770f1b0d72b6dddcb1ebb8123cb3712530b08cc387b349a3d8"
url = "https://github.com/rhysd/actionlint/releases/download/v1.7.12/actionlint_1.7.12_linux_amd64.tar.gz"
url_api = "https://api.github.com/repos/rhysd/actionlint/releases/assets/384924896"
provenance = "github-attestations"

[tools.actionlint."platforms.linux-x64-musl"]
checksum = "sha256:8aca8db96f1b94770f1b0d72b6dddcb1ebb8123cb3712530b08cc387b349a3d8"
url = "https://github.com/rhysd/actionlint/releases/download/v1.7.12/actionlint_1.7.12_linux_amd64.tar.gz"
url_api = "https://api.github.com/repos/rhysd/actionlint/releases/assets/384924896"
provenance = "github-attestations"

[[tools.cargo-audit]]
version = "0.22.2"
backend = "github:rustsec/rustsec"
specifiers = ["0.22.2"]

[tools.cargo-audit.options]
matching = "cargo-audit-x86_64-unknown-linux-gnu"
version_prefix = "cargo-audit/v"

[tools.cargo-audit."platforms.linux-x64"]
checksum = "sha256:ab28a1bdb54db4d5d8ad5981cf1f959410370b3d28250dbd35f6a44248620e39"
url = "https://github.com/rustsec/rustsec/releases/download/cargo-audit/v0.22.2/cargo-audit-x86_64-unknown-linux-gnu-v0.22.2.tgz"
url_api = "https://api.github.com/repos/rustsec/rustsec/releases/assets/439291614"

[tools.cargo-audit."platforms.linux-x64-musl"]
checksum = "sha256:ab28a1bdb54db4d5d8ad5981cf1f959410370b3d28250dbd35f6a44248620e39"
url = "https://github.com/rustsec/rustsec/releases/download/cargo-audit/v0.22.2/cargo-audit-x86_64-unknown-linux-gnu-v0.22.2.tgz"
url_api = "https://api.github.com/repos/rustsec/rustsec/releases/assets/439291614"

[[tools.cargo-auditable]]
version = "0.7.6"
backend = "github:rust-secure-code/cargo-auditable"
specifiers = ["0.7.6"]

[tools.cargo-auditable.options]
matching = "x86_64-unknown-linux-gnu"

[tools.cargo-auditable."platforms.linux-x64"]
checksum = "sha256:4b5b009ad799409bdaf70210e2e4d0ff00e415a78621949a88fb81a63f60ff48"
url = "https://github.com/rust-secure-code/cargo-auditable/releases/download/v0.7.6/cargo-auditable-x86_64-unknown-linux-gnu.tar.xz"
url_api = "https://api.github.com/repos/rust-secure-code/cargo-auditable/releases/assets/561507950"

[tools.cargo-auditable."platforms.linux-x64-musl"]
checksum = "sha256:4b5b009ad799409bdaf70210e2e4d0ff00e415a78621949a88fb81a63f60ff48"
url = "https://github.com/rust-secure-code/cargo-auditable/releases/download/v0.7.6/cargo-auditable-x86_64-unknown-linux-gnu.tar.xz"
url_api = "https://api.github.com/repos/rust-secure-code/cargo-auditable/releases/assets/561507950"

[[tools.cargo-cyclonedx]]
version = "0.5.9"
backend = "github:CycloneDX/cyclonedx-rust-cargo"
specifiers = ["0.5.9"]

[tools.cargo-cyclonedx.options]
matching = "cargo-cyclonedx-x86_64-unknown-linux-gnu"
version_prefix = "cargo-cyclonedx-"

[tools.cargo-cyclonedx."platforms.linux-x64"]
checksum = "sha256:fb8dbee9f182173e062a64a387b21a0badc6fab8b2abf9294973f012972bf6d8"
url = "https://github.com/CycloneDX/cyclonedx-rust-cargo/releases/download/cargo-cyclonedx-0.5.9/cargo-cyclonedx-x86_64-unknown-linux-gnu.tar.xz"
url_api = "https://api.github.com/repos/CycloneDX/cyclonedx-rust-cargo/releases/assets/377060340"
provenance = "github-attestations"

[tools.cargo-cyclonedx."platforms.linux-x64-musl"]
checksum = "sha256:fb8dbee9f182173e062a64a387b21a0badc6fab8b2abf9294973f012972bf6d8"
url = "https://github.com/CycloneDX/cyclonedx-rust-cargo/releases/download/cargo-cyclonedx-0.5.9/cargo-cyclonedx-x86_64-unknown-linux-gnu.tar.xz"
url_api = "https://api.github.com/repos/CycloneDX/cyclonedx-rust-cargo/releases/assets/377060340"
provenance = "github-attestations"

[[tools.cargo-deny]]
version = "0.20.2"
backend = "aqua:EmbarkStudios/cargo-deny"
specifiers = ["0.20.2"]

[tools.cargo-deny."platforms.linux-arm64"]
checksum = "sha256:995c82be0defc7a025cae49a2aa2644ce8245c9a3318fc4103907c6a285e8c7d"
url = "https://github.com/EmbarkStudios/cargo-deny/releases/download/0.20.2/cargo-deny-0.20.2-aarch64-unknown-linux-musl.tar.gz"
url_api = "https://api.github.com/repos/EmbarkStudios/cargo-deny/releases/assets/471598345"

[tools.cargo-deny."platforms.linux-arm64-musl"]
checksum = "sha256:995c82be0defc7a025cae49a2aa2644ce8245c9a3318fc4103907c6a285e8c7d"
url = "https://github.com/EmbarkStudios/cargo-deny/releases/download/0.20.2/cargo-deny-0.20.2-aarch64-unknown-linux-musl.tar.gz"
url_api = "https://api.github.com/repos/EmbarkStudios/cargo-deny/releases/assets/471598345"

[tools.cargo-deny."platforms.linux-x64"]
checksum = "sha256:9f12ed4c49936e09b48bf862b595cde2fe64fcbd9d74dfacac6131ca824c8d5f"
url = "https://github.com/EmbarkStudios/cargo-deny/releases/download/0.20.2/cargo-deny-0.20.2-x86_64-unknown-linux-musl.tar.gz"
url_api = "https://api.github.com/repos/EmbarkStudios/cargo-deny/releases/assets/471598214"

[tools.cargo-deny."platforms.linux-x64-musl"]
checksum = "sha256:9f12ed4c49936e09b48bf862b595cde2fe64fcbd9d74dfacac6131ca824c8d5f"
url = "https://github.com/EmbarkStudios/cargo-deny/releases/download/0.20.2/cargo-deny-0.20.2-x86_64-unknown-linux-musl.tar.gz"
url_api = "https://api.github.com/repos/EmbarkStudios/cargo-deny/releases/assets/471598214"

[tools.cargo-deny."platforms.macos-arm64"]
checksum = "sha256:fe67d82a10d8597a3549364cb733a3f9cc1bfff9031b7ae46384a9f2a72090c3"
url = "https://github.com/EmbarkStudios/cargo-deny/releases/download/0.20.2/cargo-deny-0.20.2-aarch64-apple-darwin.tar.gz"
url_api = "https://api.github.com/repos/EmbarkStudios/cargo-deny/releases/assets/471597689"

[tools.cargo-deny."platforms.macos-x64"]
checksum = "sha256:248da7f581724e470071990c088ffc55c811981715f4cbdb258621fb79f8b7a6"
url = "https://github.com/EmbarkStudios/cargo-deny/releases/download/0.20.2/cargo-deny-0.20.2-x86_64-apple-darwin.tar.gz"
url_api = "https://api.github.com/repos/EmbarkStudios/cargo-deny/releases/assets/471598357"

[tools.cargo-deny."platforms.windows-x64"]
checksum = "sha256:975a22143262fd27476d19ee00c7af67978426e40e1dee94eed6bbade1cf87dc"
url = "https://github.com/EmbarkStudios/cargo-deny/releases/download/0.20.2/cargo-deny-0.20.2-x86_64-pc-windows-msvc.tar.gz"
url_api = "https://api.github.com/repos/EmbarkStudios/cargo-deny/releases/assets/471599057"

[[tools.cargo-hack]]
version = "0.6.45"
backend = "github:taiki-e/cargo-hack"
specifiers = ["0.6.45"]

[tools.cargo-hack.options]
matching = "x86_64-unknown-linux-musl"

[tools.cargo-hack."platforms.linux-x64"]
checksum = "sha256:b242dffcfd43317ac484dd2dbc3b9fc5f8a7eb3ba252af31b531503f0bad33d1"
url = "https://github.com/taiki-e/cargo-hack/releases/download/v0.6.45/cargo-hack-x86_64-unknown-linux-musl.tar.gz"
url_api = "https://api.github.com/repos/taiki-e/cargo-hack/releases/assets/433843120"
provenance = "github-attestations"

[tools.cargo-hack."platforms.linux-x64-musl"]
checksum = "sha256:b242dffcfd43317ac484dd2dbc3b9fc5f8a7eb3ba252af31b531503f0bad33d1"
url = "https://github.com/taiki-e/cargo-hack/releases/download/v0.6.45/cargo-hack-x86_64-unknown-linux-musl.tar.gz"
url_api = "https://api.github.com/repos/taiki-e/cargo-hack/releases/assets/433843120"
provenance = "github-attestations"

[[tools.cargo-llvm-cov]]
version = "0.9.1"
backend = "github:taiki-e/cargo-llvm-cov"
specifiers = ["0.9.1"]

[tools.cargo-llvm-cov.options]
matching = "x86_64-unknown-linux-gnu"

[tools.cargo-llvm-cov."platforms.linux-x64"]
checksum = "sha256:b3f68e625481fed9b16444174f3fa5ebcdbde4a1878803a35eabe2dcefcdc41a"
url = "https://github.com/taiki-e/cargo-llvm-cov/releases/download/v0.9.1/cargo-llvm-cov-x86_64-unknown-linux-gnu.tar.gz"
url_api = "https://api.github.com/repos/taiki-e/cargo-llvm-cov/releases/assets/547403171"
provenance = "github-attestations"

[tools.cargo-llvm-cov."platforms.linux-x64-musl"]
checksum = "sha256:b3f68e625481fed9b16444174f3fa5ebcdbde4a1878803a35eabe2dcefcdc41a"
url = "https://github.com/taiki-e/cargo-llvm-cov/releases/download/v0.9.1/cargo-llvm-cov-x86_64-unknown-linux-gnu.tar.gz"
url_api = "https://api.github.com/repos/taiki-e/cargo-llvm-cov/releases/assets/547403171"
provenance = "github-attestations"

[[tools.cargo-machete]]
version = "0.9.2"
backend = "github:bnjbvr/cargo-machete"
specifiers = ["0.9.2"]

[tools.cargo-machete.options]
matching = "x86_64-unknown-linux-musl"

[tools.cargo-machete."platforms.linux-x64"]
checksum = "sha256:48200087f54c55aabcd4db4af1e25742b49846c02a1b1bfa134711945b35b2e9"
url = "https://github.com/bnjbvr/cargo-machete/releases/download/v0.9.2/cargo-machete-v0.9.2-x86_64-unknown-linux-musl.tar.gz"
url_api = "https://api.github.com/repos/bnjbvr/cargo-machete/releases/assets/397131172"

[tools.cargo-machete."platforms.linux-x64-musl"]
checksum = "sha256:48200087f54c55aabcd4db4af1e25742b49846c02a1b1bfa134711945b35b2e9"
url = "https://github.com/bnjbvr/cargo-machete/releases/download/v0.9.2/cargo-machete-v0.9.2-x86_64-unknown-linux-musl.tar.gz"
url_api = "https://api.github.com/repos/bnjbvr/cargo-machete/releases/assets/397131172"

[[tools.cargo-mutants]]
version = "27.1.0"
backend = "github:sourcefrog/cargo-mutants"
specifiers = ["27.1.0"]

[tools.cargo-mutants.options]
matching = "x86_64-unknown-linux-gnu"

[tools.cargo-mutants."platforms.linux-x64"]
checksum = "sha256:dfe6dc37d0342c891d2829b5a695aa57c2d0edecef7e7d0399a30cc6e206411e"
url = "https://github.com/sourcefrog/cargo-mutants/releases/download/v27.1.0/cargo-mutants-x86_64-unknown-linux-gnu.tar.gz"
url_api = "https://api.github.com/repos/sourcefrog/cargo-mutants/releases/assets/436335520"

[tools.cargo-mutants."platforms.linux-x64-musl"]
checksum = "sha256:dfe6dc37d0342c891d2829b5a695aa57c2d0edecef7e7d0399a30cc6e206411e"
url = "https://github.com/sourcefrog/cargo-mutants/releases/download/v27.1.0/cargo-mutants-x86_64-unknown-linux-gnu.tar.gz"
url_api = "https://api.github.com/repos/sourcefrog/cargo-mutants/releases/assets/436335520"

[[tools.cargo-nextest]]
version = "0.9.146"
backend = "github:nextest-rs/nextest"
specifiers = ["0.9.146"]

[tools.cargo-nextest.options]
matching = "x86_64-unknown-linux-musl"
version_prefix = "cargo-nextest-"

[tools.cargo-nextest."platforms.linux-x64"]
checksum = "sha256:b64617e8640624e8f9ba99819e37d7971154e97836d7ae4774fed4715501a6aa"
url = "https://github.com/nextest-rs/nextest/releases/download/cargo-nextest-0.9.146/cargo-nextest-0.9.146-x86_64-unknown-linux-musl.tar.gz"
url_api = "https://api.github.com/repos/nextest-rs/nextest/releases/assets/579610024"
provenance = "github-attestations"

[tools.cargo-nextest."platforms.linux-x64-musl"]
checksum = "sha256:b64617e8640624e8f9ba99819e37d7971154e97836d7ae4774fed4715501a6aa"
url = "https://github.com/nextest-rs/nextest/releases/download/cargo-nextest-0.9.146/cargo-nextest-0.9.146-x86_64-unknown-linux-musl.tar.gz"
url_api = "https://api.github.com/repos/nextest-rs/nextest/releases/assets/579610024"
provenance = "github-attestations"

[[tools.cargo-sbom]]
version = "0.10.0"
backend = "github:psastras/sbom-rs"
specifiers = ["0.10.0"]

[tools.cargo-sbom.options]
matching = "cargo-sbom-x86_64-unknown-linux-gnu"
version_prefix = "cargo-sbom-v"

[tools.cargo-sbom."platforms.linux-x64"]
checksum = "sha256:860a50d3e009c72fefc12506869cc11ea34d240c65da65cda2c491ed2aaa34f3"
url = "https://github.com/psastras/sbom-rs/releases/download/cargo-sbom-v0.10.0/cargo-sbom-x86_64-unknown-linux-gnu"
url_api = "https://api.github.com/repos/psastras/sbom-rs/releases/assets/264576992"

[tools.cargo-sbom."platforms.linux-x64-musl"]
checksum = "sha256:860a50d3e009c72fefc12506869cc11ea34d240c65da65cda2c491ed2aaa34f3"
url = "https://github.com/psastras/sbom-rs/releases/download/cargo-sbom-v0.10.0/cargo-sbom-x86_64-unknown-linux-gnu"
url_api = "https://api.github.com/repos/psastras/sbom-rs/releases/assets/264576992"

[[tools.cargo-semver-checks]]
version = "0.50.0"
backend = "github:obi1kenobi/cargo-semver-checks"
specifiers = ["0.50.0"]

[tools.cargo-semver-checks.options]
matching = "x86_64-unknown-linux-gnu"

[tools.cargo-semver-checks."platforms.linux-x64"]
checksum = "sha256:52a65dc88dc53fa8b57d6087954eb52cda149ca03bcfca78ce3fdecd23f893c4"
url = "https://github.com/obi1kenobi/cargo-semver-checks/releases/download/v0.50.0/cargo-semver-checks-x86_64-unknown-linux-gnu.tar.gz"
url_api = "https://api.github.com/repos/obi1kenobi/cargo-semver-checks/releases/assets/498085744"

[tools.cargo-semver-checks."platforms.linux-x64-musl"]
checksum = "sha256:52a65dc88dc53fa8b57d6087954eb52cda149ca03bcfca78ce3fdecd23f893c4"
url = "https://github.com/obi1kenobi/cargo-semver-checks/releases/download/v0.50.0/cargo-semver-checks-x86_64-unknown-linux-gnu.tar.gz"
url_api = "https://api.github.com/repos/obi1kenobi/cargo-semver-checks/releases/assets/498085744"

[[tools.cargo-vet]]
version = "0.10.0"
backend = "github:mozilla/cargo-vet"
specifiers = ["0.10.0"]

[tools.cargo-vet.options]
matching = "x86_64-unknown-linux-gnu"

[tools.cargo-vet."platforms.linux-x64"]
checksum = "sha256:c7664d9db5dd2ff813f20303650ac8253fa712ff2a1ea9ce12bed71e346f1744"
url = "https://github.com/mozilla/cargo-vet/releases/download/v0.10.0/cargo-vet-x86_64-unknown-linux-gnu.tar.xz"
url_api = "https://api.github.com/repos/mozilla/cargo-vet/releases/assets/196716397"

[tools.cargo-vet."platforms.linux-x64-musl"]
checksum = "sha256:c7664d9db5dd2ff813f20303650ac8253fa712ff2a1ea9ce12bed71e346f1744"
url = "https://github.com/mozilla/cargo-vet/releases/download/v0.10.0/cargo-vet-x86_64-unknown-linux-gnu.tar.xz"
url_api = "https://api.github.com/repos/mozilla/cargo-vet/releases/assets/196716397"

[[tools.clippy-sarif]]
version = "0.8.0"
backend = "github:psastras/sarif-rs"
specifiers = ["0.8.0"]

[tools.clippy-sarif.options]
matching = "clippy-sarif-x86_64-unknown-linux-gnu"
version_prefix = "clippy-sarif-v"

[tools.clippy-sarif."platforms.linux-x64"]
checksum = "blake3:c006798cc4585e0207c3ce8835d3ac2f60a6109bffaf0eabdb4e02f147c93c92"
url = "https://github.com/psastras/sarif-rs/releases/download/clippy-sarif-v0.8.0/clippy-sarif-x86_64-unknown-linux-gnu"
url_api = "https://api.github.com/repos/psastras/sarif-rs/releases/assets/253058035"

[tools.clippy-sarif."platforms.linux-x64-musl"]
url = "https://github.com/psastras/sarif-rs/releases/download/clippy-sarif-v0.8.0/clippy-sarif-x86_64-unknown-linux-gnu"
url_api = "https://api.github.com/repos/psastras/sarif-rs/releases/assets/253058035"

[[tools.cyclonedx]]
version = "0.33.1"
backend = "aqua:CycloneDX/cyclonedx-cli"
specifiers = ["0.33.1"]

[tools.cyclonedx."platforms.linux-arm64"]
checksum = "sha256:b2e9fdf9665ef49868a2ec012171c6e785dcd69745bc5869e53e4f4bfb096a5f"
url = "https://github.com/CycloneDX/cyclonedx-cli/releases/download/v0.33.1/cyclonedx-linux-arm64"
url_api = "https://api.github.com/repos/CycloneDX/cyclonedx-cli/releases/assets/487571292"

[tools.cyclonedx."platforms.linux-arm64-musl"]
checksum = "sha256:b2e9fdf9665ef49868a2ec012171c6e785dcd69745bc5869e53e4f4bfb096a5f"
url = "https://github.com/CycloneDX/cyclonedx-cli/releases/download/v0.33.1/cyclonedx-linux-arm64"
url_api = "https://api.github.com/repos/CycloneDX/cyclonedx-cli/releases/assets/487571292"

[tools.cyclonedx."platforms.linux-x64"]
checksum = "sha256:bfc8b2538da86fe239bc53658bbb63c1c8c510a293c1e6891aa5bea5d3c58746"
url = "https://github.com/CycloneDX/cyclonedx-cli/releases/download/v0.33.1/cyclonedx-linux-x64"
url_api = "https://api.github.com/repos/CycloneDX/cyclonedx-cli/releases/assets/487571062"

[tools.cyclonedx."platforms.linux-x64-musl"]
checksum = "sha256:0095dcfeec6ea1a3f6598d8e0257d52903341d0df21a325fb1510aee7c6b30dd"
url = "https://github.com/CycloneDX/cyclonedx-cli/releases/download/v0.33.1/cyclonedx-linux-musl-x64"
url_api = "https://api.github.com/repos/CycloneDX/cyclonedx-cli/releases/assets/487571145"

[tools.cyclonedx."platforms.macos-arm64"]
checksum = "sha256:750c148780154833f6401f9067d08c5a4c31567b6ee3c26c062c3a95c62d741c"
url = "https://github.com/CycloneDX/cyclonedx-cli/releases/download/v0.33.1/cyclonedx-osx-arm64"
url_api = "https://api.github.com/repos/CycloneDX/cyclonedx-cli/releases/assets/487572413"

[tools.cyclonedx."platforms.macos-x64"]
checksum = "sha256:0ea92306fc7d7c30ed112a7463781a200585a3bf1cdaf77229181c5aabd1d4b6"
url = "https://github.com/CycloneDX/cyclonedx-cli/releases/download/v0.33.1/cyclonedx-osx-x64"
url_api = "https://api.github.com/repos/CycloneDX/cyclonedx-cli/releases/assets/487571745"

[tools.cyclonedx."platforms.windows-x64"]
checksum = "sha256:9b360974c41a5d612eb026fb5e3bb1fa28e08865f7a4f915665b8bc94bd3bc31"
url = "https://github.com/CycloneDX/cyclonedx-cli/releases/download/v0.33.1/cyclonedx-win-x64.exe"
url_api = "https://api.github.com/repos/CycloneDX/cyclonedx-cli/releases/assets/487571505"

[[tools.editorconfig-checker]]
version = "4.0.2"
backend = "github:editorconfig-checker/editorconfig-checker"
specifiers = ["4.0.2"]

[tools.editorconfig-checker."platforms.linux-x64"]
checksum = "sha256:44efaef3ed14c6ab52eb87481d78e5e5c204796dccf26e2f4598a61ba17f8003"
url = "https://github.com/editorconfig-checker/editorconfig-checker/releases/download/v4.0.2/editorconfig-checker-linux-amd64.tar.gz"
url_api = "https://api.github.com/repos/editorconfig-checker/editorconfig-checker/releases/assets/574675771"
provenance = "github-attestations"

[tools.editorconfig-checker."platforms.linux-x64-musl"]
checksum = "sha256:44efaef3ed14c6ab52eb87481d78e5e5c204796dccf26e2f4598a61ba17f8003"
url = "https://github.com/editorconfig-checker/editorconfig-checker/releases/download/v4.0.2/editorconfig-checker-linux-amd64.tar.gz"
url_api = "https://api.github.com/repos/editorconfig-checker/editorconfig-checker/releases/assets/574675771"
provenance = "github-attestations"

[[tools.gitleaks]]
version = "8.30.1"
backend = "aqua:gitleaks/gitleaks"
specifiers = ["8.30.1"]

[tools.gitleaks."platforms.linux-x64"]
checksum = "sha256:551f6fc83ea457d62a0d98237cbad105af8d557003051f41f3e7ca7b3f2470eb"
url = "https://github.com/gitleaks/gitleaks/releases/download/v8.30.1/gitleaks_8.30.1_linux_x64.tar.gz"
url_api = "https://api.github.com/repos/gitleaks/gitleaks/releases/assets/378332058"

[tools.gitleaks."platforms.linux-x64-musl"]
checksum = "sha256:551f6fc83ea457d62a0d98237cbad105af8d557003051f41f3e7ca7b3f2470eb"
url = "https://github.com/gitleaks/gitleaks/releases/download/v8.30.1/gitleaks_8.30.1_linux_x64.tar.gz"
url_api = "https://api.github.com/repos/gitleaks/gitleaks/releases/assets/378332058"

[[tools.gungraun-runner]]
version = "0.19.4"
backend = "github:gungraun/gungraun"
specifiers = ["0.19.4"]

[tools.gungraun-runner.options]
matching = "gungraun-runner-v0.19.4-x86_64-unknown-linux-gnu"

[tools.gungraun-runner."platforms.linux-x64"]
checksum = "sha256:f88194dac725ef0599b2812396518e9bd74aadaf75f5baf78df91ddb9eec67d3"
url = "https://github.com/gungraun/gungraun/releases/download/v0.19.4/gungraun-runner-v0.19.4-x86_64-unknown-linux-gnu.tar.gz"
url_api = "https://api.github.com/repos/gungraun/gungraun/releases/assets/472238871"

[tools.gungraun-runner."platforms.linux-x64-musl"]
checksum = "sha256:f88194dac725ef0599b2812396518e9bd74aadaf75f5baf78df91ddb9eec67d3"
url = "https://github.com/gungraun/gungraun/releases/download/v0.19.4/gungraun-runner-v0.19.4-x86_64-unknown-linux-gnu.tar.gz"
url_api = "https://api.github.com/repos/gungraun/gungraun/releases/assets/472238871"

[[tools.jaq]]
version = "3.1.1"
backend = "aqua:01mf02/jaq"
specifiers = ["3.1.1"]

[tools.jaq."platforms.linux-arm64"]
checksum = "sha256:bdda42d5a8c060a2c7916b287a227e7750d5fccbd4c37aacf0ab863010921829"
url = "https://github.com/01mf02/jaq/releases/download/v3.1.1/jaq-aarch64-unknown-linux-gnu"
url_api = "https://api.github.com/repos/01mf02/jaq/releases/assets/502327954"

[tools.jaq."platforms.linux-x64"]
checksum = "sha256:5922c7b67d9bd6841d6676d1f954410c6bf04b47203dcb661c4f052dfef7f454"
url = "https://github.com/01mf02/jaq/releases/download/v3.1.1/jaq-x86_64-unknown-linux-gnu"
url_api = "https://api.github.com/repos/01mf02/jaq/releases/assets/502327122"

[tools.jaq."platforms.linux-x64-musl"]
checksum = "sha256:b9a07a6f10f0305d96d333ea7db69d60704eb4d4e71c98094157e3cc9fe08110"
url = "https://github.com/01mf02/jaq/releases/download/v3.1.1/jaq-x86_64-unknown-linux-musl"
url_api = "https://api.github.com/repos/01mf02/jaq/releases/assets/502327739"

[tools.jaq."platforms.macos-arm64"]
checksum = "sha256:b1a2e63384e156d90bbf61a1142302aa59bfebd8c89e24dfc9b5747618880fcd"
url = "https://github.com/01mf02/jaq/releases/download/v3.1.1/jaq-aarch64-apple-darwin"
url_api = "https://api.github.com/repos/01mf02/jaq/releases/assets/502328070"

[tools.jaq."platforms.macos-x64"]
checksum = "sha256:34b1a9495dbd28df09ad83c832a2ae4be60657d8c24e72f28565cd19b98ed0af"
url = "https://github.com/01mf02/jaq/releases/download/v3.1.1/jaq-x86_64-apple-darwin"
url_api = "https://api.github.com/repos/01mf02/jaq/releases/assets/502327833"

[tools.jaq."platforms.windows-x64"]
checksum = "sha256:7b2f5153d11118c3ccff01859743e09842cabc42ba08f8876489c1be30d1d08d"
url = "https://github.com/01mf02/jaq/releases/download/v3.1.1/jaq-x86_64-pc-windows-msvc.exe"
url_api = "https://api.github.com/repos/01mf02/jaq/releases/assets/502328777"

[[tools.just]]
version = "1.58.0"
backend = "aqua:casey/just"
specifiers = ["1.58.0"]

[tools.just."platforms.linux-x64"]
checksum = "sha256:4a5cc2f53e6f0f8c59092a6cc38291eb729d46a7dd95d3ae582008881b84931d"
url = "https://github.com/casey/just/releases/download/1.58.0/just-1.58.0-x86_64-unknown-linux-musl.tar.gz"
url_api = "https://api.github.com/repos/casey/just/releases/assets/500509978"

[tools.just."platforms.linux-x64-musl"]
checksum = "sha256:4a5cc2f53e6f0f8c59092a6cc38291eb729d46a7dd95d3ae582008881b84931d"
url = "https://github.com/casey/just/releases/download/1.58.0/just-1.58.0-x86_64-unknown-linux-musl.tar.gz"
url_api = "https://api.github.com/repos/casey/just/releases/assets/500509978"

[[tools.lychee]]
version = "0.24.2"
backend = "aqua:lycheeverse/lychee"
specifiers = ["0.24.2"]

[tools.lychee."platforms.linux-x64"]
checksum = "sha256:1f4e0ef7f6554a6ed33dd7ac144fb2e1bbed98598e7af973042fc5cd43951c9a"
url = "https://github.com/lycheeverse/lychee/releases/download/lychee-v0.24.2/lychee-x86_64-unknown-linux-gnu.tar.gz"
url_api = "https://api.github.com/repos/lycheeverse/lychee/releases/assets/409959156"

[tools.lychee."platforms.linux-x64-musl"]
checksum = "sha256:73657a111819a30c47c08352896796f23d64e4eb2b3ed39b6d32149241566fc5"
url = "https://github.com/lycheeverse/lychee/releases/download/lychee-v0.24.2/lychee-x86_64-unknown-linux-musl.tar.gz"
url_api = "https://api.github.com/repos/lycheeverse/lychee/releases/assets/409959271"

[[tools.prek]]
version = "0.5.3"
backend = "github:j178/prek"
specifiers = ["0.5.3"]

[tools.prek.options]
matching = "x86_64-unknown-linux-musl"

[tools.prek."platforms.linux-x64"]
checksum = "sha256:d4eae1f31c0817d0a9bfa532d4bb66df60a8b01f121def002021915e826c3d1f"
url = "https://github.com/j178/prek/releases/download/v0.5.3/prek-x86_64-unknown-linux-musl.tar.gz"
url_api = "https://api.github.com/repos/j178/prek/releases/assets/560889232"
provenance = "github-attestations"

[tools.prek."platforms.linux-x64-musl"]
checksum = "sha256:d4eae1f31c0817d0a9bfa532d4bb66df60a8b01f121def002021915e826c3d1f"
url = "https://github.com/j178/prek/releases/download/v0.5.3/prek-x86_64-unknown-linux-musl.tar.gz"
url_api = "https://api.github.com/repos/j178/prek/releases/assets/560889232"
provenance = "github-attestations"

[[tools.rumdl]]
version = "0.2.77"
backend = "aqua:rvben/rumdl"
specifiers = ["0.2.77"]

[tools.rumdl."platforms.linux-x64"]
checksum = "sha256:cbe5cea929fbb58b64bb428a464b069f3fe12645545adedc8932e738c8bbe862"
url = "https://github.com/rvben/rumdl/releases/download/v0.2.77/rumdl-v0.2.77-x86_64-unknown-linux-gnu.tar.gz"
url_api = "https://api.github.com/repos/rvben/rumdl/releases/assets/583859172"
provenance = "github-attestations"

[tools.rumdl."platforms.linux-x64-musl"]
checksum = "sha256:0a516c0590dfd2f3cb0abfc42580464c7fadb9e631cbdffbcc5c2546ae885ad0"
url = "https://github.com/rvben/rumdl/releases/download/v0.2.77/rumdl-v0.2.77-x86_64-unknown-linux-musl.tar.gz"
url_api = "https://api.github.com/repos/rvben/rumdl/releases/assets/583859184"
provenance = "github-attestations"

[[tools.shellcheck]]
version = "0.11.0"
backend = "aqua:koalaman/shellcheck"
specifiers = ["0.11.0"]

[tools.shellcheck."platforms.linux-x64"]
checksum = "sha256:8c3be12b05d5c177a04c29e3c78ce89ac86f1595681cab149b65b97c4e227198"
url = "https://github.com/koalaman/shellcheck/releases/download/v0.11.0/shellcheck-v0.11.0.linux.x86_64.tar.xz"
url_api = "https://api.github.com/repos/koalaman/shellcheck/releases/assets/279056942"

[tools.shellcheck."platforms.linux-x64-musl"]
checksum = "sha256:8c3be12b05d5c177a04c29e3c78ce89ac86f1595681cab149b65b97c4e227198"
url = "https://github.com/koalaman/shellcheck/releases/download/v0.11.0/shellcheck-v0.11.0.linux.x86_64.tar.xz"
url_api = "https://api.github.com/repos/koalaman/shellcheck/releases/assets/279056942"

[[tools.shfmt]]
version = "3.14.1"
backend = "aqua:mvdan/sh"
specifiers = ["3.14.1"]

[tools.shfmt."platforms.linux-x64"]
checksum = "sha256:76e77641faa025814b77f153b29796b8e6fa2fca03e0c76a691608b86c7ea7bf"
url = "https://github.com/mvdan/sh/releases/download/v3.14.1/shfmt_v3.14.1_linux_amd64"
url_api = "https://api.github.com/repos/mvdan/sh/releases/assets/547320883"

[tools.shfmt."platforms.linux-x64-musl"]
checksum = "sha256:76e77641faa025814b77f153b29796b8e6fa2fca03e0c76a691608b86c7ea7bf"
url = "https://github.com/mvdan/sh/releases/download/v3.14.1/shfmt_v3.14.1_linux_amd64"
url_api = "https://api.github.com/repos/mvdan/sh/releases/assets/547320883"

[[tools.similarity-rs]]
version = "0.5.0"
backend = "github:mizchi/similarity"
specifiers = ["0.5.0"]

[tools.similarity-rs.options]
matching = "x86_64-unknown-linux-gnu"

[tools.similarity-rs."platforms.linux-x64"]
checksum = "sha256:2afda6201b6afb1ee36c1ce51b95a538ec99310c79f661905536d917470a406a"
url = "https://github.com/mizchi/similarity/releases/download/v0.5.0/similarity-v0.5.0-x86_64-unknown-linux-gnu.tar.gz"
url_api = "https://api.github.com/repos/mizchi/similarity/releases/assets/394121075"

[tools.similarity-rs."platforms.linux-x64-musl"]
checksum = "sha256:2afda6201b6afb1ee36c1ce51b95a538ec99310c79f661905536d917470a406a"
url = "https://github.com/mizchi/similarity/releases/download/v0.5.0/similarity-v0.5.0-x86_64-unknown-linux-gnu.tar.gz"
url_api = "https://api.github.com/repos/mizchi/similarity/releases/assets/394121075"

[[tools.taplo]]
version = "0.10.0"
backend = "aqua:tamasfe/taplo"
specifiers = ["0.10.0"]

[tools.taplo."platforms.linux-arm64"]
url = "https://github.com/tamasfe/taplo/releases/download/0.10.0/taplo-linux-aarch64.gz"
url_api = "https://api.github.com/repos/tamasfe/taplo/releases/assets/257322597"

[tools.taplo."platforms.linux-arm64-musl"]
url = "https://github.com/tamasfe/taplo/releases/download/0.10.0/taplo-linux-aarch64.gz"
url_api = "https://api.github.com/repos/tamasfe/taplo/releases/assets/257322597"

[tools.taplo."platforms.linux-x64"]
checksum = "blake3:4871fab0e60275a1eb46e7190726e144f56c9a9527f59b0d1da5a042baead8e2"
url = "https://github.com/tamasfe/taplo/releases/download/0.10.0/taplo-linux-x86_64.gz"
url_api = "https://api.github.com/repos/tamasfe/taplo/releases/assets/257322600"

[tools.taplo."platforms.linux-x64-musl"]
url = "https://github.com/tamasfe/taplo/releases/download/0.10.0/taplo-linux-x86_64.gz"
url_api = "https://api.github.com/repos/tamasfe/taplo/releases/assets/257322600"

[tools.taplo."platforms.macos-arm64"]
url = "https://github.com/tamasfe/taplo/releases/download/0.10.0/taplo-darwin-aarch64.gz"
url_api = "https://api.github.com/repos/tamasfe/taplo/releases/assets/257323110"

[tools.taplo."platforms.macos-x64"]
url = "https://github.com/tamasfe/taplo/releases/download/0.10.0/taplo-darwin-x86_64.gz"
url_api = "https://api.github.com/repos/tamasfe/taplo/releases/assets/257323116"

[tools.taplo."platforms.windows-x64"]
url = "https://github.com/tamasfe/taplo/releases/download/0.10.0/taplo-windows-x86_64.zip"
url_api = "https://api.github.com/repos/tamasfe/taplo/releases/assets/257323062"

[[tools.typos]]
version = "1.50.2"
backend = "github:crate-ci/typos"
specifiers = ["1.50.2"]

[tools.typos.options]
matching = "x86_64-unknown-linux-musl"

[tools.typos."platforms.linux-x64"]
checksum = "sha256:abcb3e257c7c2abeff4d903f7fe68071357637605bdb283ce2251f44bc70dc09"
url = "https://github.com/crate-ci/typos/releases/download/v1.50.2/typos-v1.50.2-x86_64-unknown-linux-musl.tar.gz"
url_api = "https://api.github.com/repos/crate-ci/typos/releases/assets/565795694"
provenance = "github-attestations"

[tools.typos."platforms.linux-x64-musl"]
checksum = "sha256:abcb3e257c7c2abeff4d903f7fe68071357637605bdb283ce2251f44bc70dc09"
url = "https://github.com/crate-ci/typos/releases/download/v1.50.2/typos-v1.50.2-x86_64-unknown-linux-musl.tar.gz"
url_api = "https://api.github.com/repos/crate-ci/typos/releases/assets/565795694"
provenance = "github-attestations"

[[tools.yamlfmt]]
version = "0.21.0"
backend = "aqua:google/yamlfmt"
specifiers = ["0.21.0"]

[tools.yamlfmt."platforms.linux-x64"]
checksum = "sha256:1f300d9257b232bb3b541d7fb1b0e6b3c121bcbab381c86cd38cb8722be8a566"
url = "https://github.com/google/yamlfmt/releases/download/v0.21.0/yamlfmt_0.21.0_Linux_x86_64.tar.gz"
url_api = "https://api.github.com/repos/google/yamlfmt/releases/assets/336650203"

[tools.yamlfmt."platforms.linux-x64-musl"]
checksum = "sha256:1f300d9257b232bb3b541d7fb1b0e6b3c121bcbab381c86cd38cb8722be8a566"
url = "https://github.com/google/yamlfmt/releases/download/v0.21.0/yamlfmt_0.21.0_Linux_x86_64.tar.gz"
url_api = "https://api.github.com/repos/google/yamlfmt/releases/assets/336650203"

[[tools.zizmor]]
version = "1.30.1"
backend = "aqua:zizmorcore/zizmor"
specifiers = ["1.30.1"]

[tools.zizmor."platforms.linux-arm64"]
checksum = "sha256:7ff1dce33bdd18fd2a4affe63bdd47efcccca97b2cec1c1863ec26e9e2647540"
url = "https://github.com/zizmorcore/zizmor/releases/download/v1.30.1/zizmor-aarch64-unknown-linux-gnu.tar.gz"
url_api = "https://api.github.com/repos/zizmorcore/zizmor/releases/assets/552067643"
provenance = "github-attestations"

[tools.zizmor."platforms.linux-arm64-musl"]
provenance = "github-attestations"

[tools.zizmor."platforms.linux-x64"]
checksum = "sha256:e65324f4430c2717591937edcec90ccbefaf14c174f8ec9415e03ca875b46e1a"
url = "https://github.com/zizmorcore/zizmor/releases/download/v1.30.1/zizmor-x86_64-unknown-linux-gnu.tar.gz"
url_api = "https://api.github.com/repos/zizmorcore/zizmor/releases/assets/552067642"
provenance = "github-attestations"

[tools.zizmor."platforms.linux-x64-musl"]
provenance = "github-attestations"

[tools.zizmor."platforms.macos-arm64"]
checksum = "sha256:e28d22b087f9ebb8d99da6e740d348c930f559961c7c3f12badda54f882195a2"
url = "https://github.com/zizmorcore/zizmor/releases/download/v1.30.1/zizmor-aarch64-apple-darwin.tar.gz"
url_api = "https://api.github.com/repos/zizmorcore/zizmor/releases/assets/552067640"
provenance = "github-attestations"

[tools.zizmor."platforms.macos-x64"]
checksum = "sha256:10e6b18b11ea07e515a16f0f0518c7b07527bc9977c1fd5698181ce7f3554202"
url = "https://github.com/zizmorcore/zizmor/releases/download/v1.30.1/zizmor-x86_64-apple-darwin.tar.gz"
url_api = "https://api.github.com/repos/zizmorcore/zizmor/releases/assets/552067641"
provenance = "github-attestations"

[tools.zizmor."platforms.windows-x64"]
checksum = "sha256:b183b1e996eddfab9659f1e9b46e059f1ef1cf984a1f14e5da09f7876a4b3a1c"
url = "https://github.com/zizmorcore/zizmor/releases/download/v1.30.1/zizmor-x86_64-pc-windows-msvc.zip"
url_api = "https://api.github.com/repos/zizmorcore/zizmor/releases/assets/552067645"
provenance = "github-attestations"
